{
  "nodes": {
    "homeManager": {
      "inputs": {
        "nixpkgs": [
          "nixpkgsStable"
        ]
      },
      "locked": {
        "lastModified": 1631573611,
        "narHash": "sha256-u2E/wstadWNcn6vOIoK1xY86QPOzzBZQfT1FbePfdaI=",
        "owner": "nix-community",
        "repo": "home-manager",
        "rev": "7d9ba15214004c979d2c8733f8be12ce6502cf8a",
        "type": "github"
      },
      "original": {
        "owner": "nix-community",
        "ref": "release-21.05",
        "repo": "home-manager",
        "type": "github"
      }
    },
    "nixpkgsBackbone": {
      "locked": {
        "lastModified": 1632418649,
        "narHash": "sha256-4rZspkiQU7zbsuciRRMgoEPkAF/+FSv2jx/VIPxPVx4=",
        "owner": "nixos",
        "repo": "nixpkgs",
        "rev": "056a3c1fae30d06d14b171b9023743c21a23ec1a",
        "type": "github"
      },
      "original": {
        "owner": "nixos",
        "ref": "nixos-21.05",
        "repo": "nixpkgs",
        "type": "github"
      }
    },
    "nixpkgsStable": {
      "locked": {
        "lastModified": 1632418649,
        "narHash": "sha256-4rZspkiQU7zbsuciRRMgoEPkAF/+FSv2jx/VIPxPVx4=",
        "owner": "nixos",
        "repo": "nixpkgs",
        "rev": "056a3c1fae30d06d14b171b9023743c21a23ec1a",
        "type": "github"
      },
      "original": {
        "owner": "nixos",
        "ref": "nixos-21.05",
        "repo": "nixpkgs",
        "type": "github"
      }
    },
    "nixpkgsUnstable": {
      "locked": {
        "lastModified": 1632146492,
        "narHash": "sha256-+5LSb1alIWujWwFUZ2Juv1U9owBidLDONsz/T7ydDIY=",
        "owner": "nixos",
        "repo": "nixpkgs",
        "rev": "1a56d76d718afb6c47dd96602c915b6d23f7c45d",
        "type": "github"
      },
      "original": {
        "owner": "nixos",
        "ref": "nixpkgs-unstable",
        "repo": "nixpkgs",
        "type": "github"
      }
    },
    "root": {
      "inputs": {
        "homeManager": "homeManager",
        "nixpkgsBackbone": "nixpkgsBackbone",
        "nixpkgsStable": "nixpkgsStable",
        "nixpkgsUnstable": "nixpkgsUnstable"
      }
    }
  },
  "root": "root",
  "version": 7
}
