{
  "nodes": {
    "binHtmlq": {
      "inputs": {
        "crate2nix": "crate2nix",
        "flake-utils": "flake-utils",
        "nixpkgs": [
          "nixpkgsStable"
        ]
      },
      "locked": {
        "lastModified": 1665683527,
        "narHash": "sha256-Si32aqs6AY8EdE3tqqN+mSYC0DVFuiiFWDrCHgzsZHk=",
        "owner": "mgdm",
        "repo": "htmlq",
        "rev": "739cd363543cd5c36a2d7bcbbb3ab7e811205611",
        "type": "github"
      },
      "original": {
        "owner": "mgdm",
        "repo": "htmlq",
        "type": "github"
      }
    },
    "crate2nix": {
      "flake": false,
      "locked": {
        "lastModified": 1665362239,
        "narHash": "sha256-vNMu88WotPaOfuzubfOsLcaHB9WwDfV5/drEzY8tpFo=",
        "owner": "kolloch",
        "repo": "crate2nix",
        "rev": "cdcdd4950cc6ef1133b5f866a7c20dc06c130a84",
        "type": "github"
      },
      "original": {
        "owner": "kolloch",
        "repo": "crate2nix",
        "type": "github"
      }
    },
    "flake-utils": {
      "locked": {
        "lastModified": 1659877975,
        "narHash": "sha256-zllb8aq3YO3h8B/U0/J1WBgAL8EX5yWf5pMj3G0NAmc=",
        "owner": "numtide",
        "repo": "flake-utils",
        "rev": "c0e246b9b83f637f4681389ecabcb2681b4f3af0",
        "type": "github"
      },
      "original": {
        "owner": "numtide",
        "repo": "flake-utils",
        "type": "github"
      }
    },
    "flakeTemplates": {
      "locked": {
        "lastModified": 1637957362,
        "narHash": "sha256-OfhmLR4Bkaz9CFh/p9Mom6BS0lnFDRJ6F4KofVX6JCU=",
        "owner": "nixos",
        "repo": "templates",
        "rev": "16cd57c9c3f037eddddb57f87b65350ec59ed4f1",
        "type": "github"
      },
      "original": {
        "owner": "nixos",
        "repo": "templates",
        "type": "github"
      }
    },
    "homeManager": {
      "inputs": {
        "nixpkgs": [
          "nixpkgsStable"
        ]
      },
      "locked": {
        "lastModified": 1665996265,
        "narHash": "sha256-/k9og6LDBQwT+f/tJ5ClcWiUl8kCX5m6ognhsAxOiCY=",
        "owner": "nix-community",
        "repo": "home-manager",
        "rev": "b81e128fc053ab3159d7b464d9b7dedc9d6a6891",
        "type": "github"
      },
      "original": {
        "owner": "nix-community",
        "ref": "release-22.05",
        "repo": "home-manager",
        "type": "github"
      }
    },
    "nixpkgsBackbone": {
      "locked": {
        "lastModified": 1660496378,
        "narHash": "sha256-sgAhmrC1iSnl5T2VPPiMpciH1aRw5c7PYEdXX6jd6Gk=",
        "owner": "nixos",
        "repo": "nixpkgs",
        "rev": "879121648fe522b38cc1cf75aef160a14a1f2e7b",
        "type": "github"
      },
      "original": {
        "owner": "nixos",
        "ref": "nixos-22.05",
        "repo": "nixpkgs",
        "type": "github"
      }
    },
    "nixpkgsStable": {
      "locked": {
        "lastModified": 1660496378,
        "narHash": "sha256-sgAhmrC1iSnl5T2VPPiMpciH1aRw5c7PYEdXX6jd6Gk=",
        "owner": "nixos",
        "repo": "nixpkgs",
        "rev": "879121648fe522b38cc1cf75aef160a14a1f2e7b",
        "type": "github"
      },
      "original": {
        "owner": "nixos",
        "ref": "nixos-22.05",
        "repo": "nixpkgs",
        "type": "github"
      }
    },
    "nixpkgsUnstable": {
      "locked": {
        "lastModified": 1660524483,
        "narHash": "sha256-Rb/AZ5FErbML2f6+XxJTo+BbDMVtiTVGWML4pOiwBSE=",
        "owner": "nixos",
        "repo": "nixpkgs",
        "rev": "680f04a9930fa0b9572abda5a9429cb2b1c77655",
        "type": "github"
      },
      "original": {
        "owner": "nixos",
        "ref": "nixpkgs-unstable",
        "repo": "nixpkgs",
        "type": "github"
      }
    },
    "root": {
      "inputs": {
        "binHtmlq": "binHtmlq",
        "flakeTemplates": "flakeTemplates",
        "homeManager": "homeManager",
        "nixpkgsBackbone": "nixpkgsBackbone",
        "nixpkgsStable": "nixpkgsStable",
        "nixpkgsUnstable": "nixpkgsUnstable"
      }
    }
  },
  "root": "root",
  "version": 7
}
