" Generated by vim-plug
" Mon 24 May 2021 06:10:46 PM CEST
" :source this file in vim to restore the snapshot
" or execute: vim -S snapshot.vim

silent! let g:plugs['Colorizer'].commit = '826d5691ac7d36589591314621047b1b9d89ed34'
silent! let g:plugs['LanguageClient-neovim'].commit = 'a42594c9c320b1283e9b9058b85a8097d8325fed'
silent! let g:plugs['ansible-vim'].commit = 'bc9c3bf48961f5babb24243bd407c715ce551210'
silent! let g:plugs['codi.vim'].commit = 'cf62681a4962ce1873e4b2a5e0bf401dcd42890f'
silent! let g:plugs['committia.vim'].commit = '1d288281586d1e6b52646a4c412df3dd3a2fe231'
silent! let g:plugs['ctrlsf.vim'].commit = 'c90632e6a27bfd525a2a4c6e108981d4558202c0'
silent! let g:plugs['delimitMate'].commit = '537a1da0fa5eeb88640425c37e545af933c56e1b'
silent! let g:plugs['deoplete-clangx'].commit = '0157512796f63d33091a98a19bbea8b57e227a8f'
silent! let g:plugs['deoplete-emoji'].commit = '1dfa2da6ae3ee146ddfbfdba48cf45f0c1d57d7d'
silent! let g:plugs['deoplete-jedi'].commit = '43058915007d92dc167b84dd5b8ada2d2a057a82'
silent! let g:plugs['deoplete.nvim'].commit = '35e27c325ecf0afa28ca42bbda4793eb7ca5f383'
silent! let g:plugs['echodoc'].commit = '63d3c193ccb1652a972ca0def7ab82048bfb6068'
silent! let g:plugs['git-messenger.vim'].commit = '866b3ed000d483b27067d9bc89dbaa57a83244e8'
silent! let g:plugs['goyo.vim'].commit = 'a865dec7ca7616dbbd69315ad1417b84d0c411f8'
silent! let g:plugs['gv.vim'].commit = '486b5c4e960d5ec9e79888939534b7b2fc7453ad'
silent! let g:plugs['indentLine'].commit = '5617a1cf7d315e6e6f84d825c85e3b669d220bfa'
silent! let g:plugs['jedi-vim'].commit = '8763462331600951f2d9e729c4d8e26b6049c804'
silent! let g:plugs['just-vim'].commit = '31e2cf3c0a2c7d3c9ca44199200c0969b037cfba'
silent! let g:plugs['lightline.vim'].commit = '8a712365f9708044667589d9fffd87a4825d29f6'
silent! let g:plugs['llvmir-vim'].commit = '43715920d67909c85babcc024f4363f5639a0448'
silent! let g:plugs['neco-vim'].commit = '2b1dca6ca16d6f5655748fcd4d54d772fcfd0d81'
silent! let g:plugs['neomake'].commit = '5e140db568eb2f7b88e4110cd4b651562e8878ab'
silent! let g:plugs['nerdcommenter'].commit = '1b53686d5f1d1607dc67430e9243283fee3a9764'
silent! let g:plugs['nerdtree'].commit = '81f3eaba295b3fceb2d032db57e5eae99ae480f8'
silent! let g:plugs['nvim-api-viewer'].commit = 'f357dbf676b36d893ac7d7d1deedb42d01353709'
silent! let g:plugs['rust.vim'].commit = '87c745d8d506fc1eecc1d81df15d5bde1658a2fc'
silent! let g:plugs['semshi'].commit = '801d0c971d3d7291cf2fc22d74ac69155a71a279'
silent! let g:plugs['splitjoin.vim'].commit = 'f0d785f7607be60c282b5f5a5d32a2e51560c07c'
silent! let g:plugs['targets.vim'].commit = '8d6ff2984cdfaebe5b7a6eee8f226a6dd1226f2d'
silent! let g:plugs['tmux-complete.vim'].commit = '87f6f96c73b599554d1d7f313413d7f9d0336096'
silent! let g:plugs['typescript-vim'].commit = '67e81e4292186889a1a519e1bf3a600d671237eb'
silent! let g:plugs['ultisnips'].commit = '204b501cc8f4acd7f32ebdea262bd5772ca007a2'
silent! let g:plugs['vim-abolish'].commit = '3f0c8faadf0c5b68bcf40785c1c42e3731bfa522'
silent! let g:plugs['vim-coffee-script'].commit = '28421258a8dde5a50deafbfc19cd9873cacfaa79'
silent! let g:plugs['vim-colors-paramount'].commit = 'a5601d36fb6932e8d1a6f8b37b179a99b1456798'
silent! let g:plugs['vim-cpp-enhanced-highlight'].commit = '4b7314a497ea2dd0a6911ccb94ce83b2d8684617'
silent! let g:plugs['vim-crystal'].commit = '481195d4a309d7c682315c9f042762bbfb9d5f57'
silent! let g:plugs['vim-ctrlspace'].commit = 'd636f7d56a7894fc80d12e5933aadd046b9eb226'
silent! let g:plugs['vim-easy-align'].commit = '12dd6316974f71ce333e360c0260b4e1f81169c3'
silent! let g:plugs['vim-elixir'].commit = 'c3cb96e153728fbfd050173b4af19118b131f278'
silent! let g:plugs['vim-es6'].commit = '3f080e31dc712ca52e4cb443b5e9cbfd543ba73c'
silent! let g:plugs['vim-exchange'].commit = '17f1a2cc0d009cfd7f0dcda06dd0f017fcc1c70b'
silent! let g:plugs['vim-floaterm'].commit = '4a1938457489fe072acf2fbbe7142a3cfb0d8ad8'
silent! let g:plugs['vim-fugitive'].commit = '895e56daca03c441427f2adca291cb10ea4d7ca8'
silent! let g:plugs['vim-gitgutter'].commit = 'f4bdaa4e9cf07f62ce1161a3d0ff70c8aad25bc5'
silent! let g:plugs['vim-jinja'].commit = '8d330a7aaf0763d080dc82204b4aaba6ac0605c6'
silent! let g:plugs['vim-localvimrc'].commit = '0206f5f5a8721cc8c5c84ebb8ab2886e9afcd0ac'
silent! let g:plugs['vim-lua'].commit = 'fa810f85437525bcea0fc4ff22c634935721d86d'
silent! let g:plugs['vim-markdown'].commit = '8e5d86f7b85234d3d1b4207dceebc43a768ed5d4'
silent! let g:plugs['vim-mundo'].commit = 'c6dcea90166750bb5ed40321749966b1a8020a1a'
silent! let g:plugs['vim-nftables'].commit = '26f8a506c6f3e41f1e4a8d6aa94c9a79a666bbff'
silent! let g:plugs['vim-nix'].commit = '7542a2bf66d72cb86fc80529867accbc787f744b'
silent! let g:plugs['vim-openscad'].commit = '81db508b1888fdbea994d43ccef1acd86c8af3f7'
silent! let g:plugs['vim-peekaboo'].commit = 'cc4469c204099c73dd7534531fa8ba271f704831'
silent! let g:plugs['vim-plug'].commit = 'cffcfe150bda75177920530c5f1911b52f70a065'
silent! let g:plugs['vim-python-pep8-indent'].commit = '60ba5e11a61618c0344e2db190210145083c91f8'
silent! let g:plugs['vim-qml'].commit = '50d2e737094c146195171b7d52e522384f15afe8'
silent! let g:plugs['vim-repeat'].commit = '24afe922e6a05891756ecf331f39a1f6743d3d5a'
silent! let g:plugs['vim-ripgrep'].commit = 'ec87af6b69387abb3c4449ce8c4040d2d00d745e'
silent! let g:plugs['vim-sandwich'].commit = '9e6340affe9f53c11a6975a5f50b9bf48adb692c'
silent! let g:plugs['vim-slim'].commit = 'f0758ea1c585d53b9c239177a8b891d8bbbb6fbb'
silent! let g:plugs['vim-startify'].commit = '3ffa62fbe781b3df20fafa3bd9d710dc99c16a8c'
silent! let g:plugs['vim-visualstar'].commit = 'a18cd0e7a03311ac709595c1d261ed44b45c9098'
silent! let g:plugs['vim-which-key'].commit = '20163f6ffda855fa40a11cb999002211dc66288f'
silent! let g:plugs['xterm-color-table.vim'].commit = 'efa63b4311f6d1328d214bd93149c14c77c9dd7b'

PlugUpdate!

